// !$*UTF8*$!
{
	archiveVersion = 1;
	classes = {
	};
	objectVersion = 52;
	objects = {

/* Begin PBXBuildFile section */
		270D5A4223AF8D0D00A88C6F /* RealmManager.swift in Sources */ = {isa = PBXBuildFile; fileRef = 270D5A4123AF8D0D00A88C6F /* RealmManager.swift */; };
		270D5A4423AF8DF600A88C6F /* RealmManagerFavourite.swift in Sources */ = {isa = PBXBuildFile; fileRef = 270D5A4323AF8DF600A88C6F /* RealmManagerFavourite.swift */; };
		270D5A4623B05FA500A88C6F /* JGProgressHUD.framework in Frameworks */ = {isa = PBXBuildFile; fileRef = 270D5A4523B05FA500A88C6F /* JGProgressHUD.framework */; };
		270D5A4723B05FA500A88C6F /* JGProgressHUD.framework in Embed Frameworks */ = {isa = PBXBuildFile; fileRef = 270D5A4523B05FA500A88C6F /* JGProgressHUD.framework */; settings = {ATTRIBUTES = (CodeSignOnCopy, RemoveHeadersOnCopy, ); }; };
		272F532723AF0CF90075E03A /* PhoneImageModel.swift in Sources */ = {isa = PBXBuildFile; fileRef = 272F532623AF0CF90075E03A /* PhoneImageModel.swift */; };
		273BE58423B27992007693A8 /* Reachability.framework in Resources */ = {isa = PBXBuildFile; fileRef = 275B7D7723B2084D0084B4F2 /* Reachability.framework */; platformFilter = ios; };
		273BE58523B279A7007693A8 /* Alamofire.framework in Resources */ = {isa = PBXBuildFile; fileRef = 27E6C9ED23ACC2FC00F13A69 /* Alamofire.framework */; platformFilter = ios; };
		273BE58623B279AE007693A8 /* JGProgressHUD.framework in Resources */ = {isa = PBXBuildFile; fileRef = 270D5A4523B05FA500A88C6F /* JGProgressHUD.framework */; platformFilter = ios; };
		273BE58723B279C3007693A8 /* Realm.framework in Resources */ = {isa = PBXBuildFile; fileRef = 27E6CA0023ACC34E00F13A69 /* Realm.framework */; platformFilter = ios; };
		273BE58823B279C9007693A8 /* RealmSwift.framework in Resources */ = {isa = PBXBuildFile; fileRef = 27E6C9FD23ACC33F00F13A69 /* RealmSwift.framework */; platformFilter = ios; };
		273BE58923B279CE007693A8 /* SwiftyJSON.framework in Resources */ = {isa = PBXBuildFile; fileRef = 27E6C9FA23ACC32E00F13A69 /* SwiftyJSON.framework */; platformFilter = ios; };
		273BE58A23B279D3007693A8 /* ObjectMapper.framework in Resources */ = {isa = PBXBuildFile; fileRef = 27E6C9F723ACC32200F13A69 /* ObjectMapper.framework */; platformFilter = ios; };
		273BE58B23B279D8007693A8 /* Moya.framework in Resources */ = {isa = PBXBuildFile; fileRef = 27E6C9F423ACC31600F13A69 /* Moya.framework */; platformFilter = ios; };
		273BE58C23B279DD007693A8 /* Kingfisher.framework in Resources */ = {isa = PBXBuildFile; fileRef = 27E6C9F123ACC30700F13A69 /* Kingfisher.framework */; platformFilter = ios; };
		273BE58D23B27C61007693A8 /* Alamofire.framework in Frameworks */ = {isa = PBXBuildFile; fileRef = 27E6C9ED23ACC2FC00F13A69 /* Alamofire.framework */; platformFilter = ios; };
		273BE58E23B27E5E007693A8 /* JGProgressHUD.framework in Frameworks */ = {isa = PBXBuildFile; fileRef = 270D5A4523B05FA500A88C6F /* JGProgressHUD.framework */; platformFilter = ios; };
		273BE58F23B27E73007693A8 /* SwiftyJSON.framework in Frameworks */ = {isa = PBXBuildFile; fileRef = 27E6C9FA23ACC32E00F13A69 /* SwiftyJSON.framework */; platformFilter = ios; };
		273BE59023B27EC6007693A8 /* RealmSwift.framework in Frameworks */ = {isa = PBXBuildFile; fileRef = 27E6C9FD23ACC33F00F13A69 /* RealmSwift.framework */; platformFilter = ios; };
		273BE59123B27EDD007693A8 /* Reachability.framework in Frameworks */ = {isa = PBXBuildFile; fileRef = 275B7D7723B2084D0084B4F2 /* Reachability.framework */; platformFilter = ios; };
		273BE59223B2848F007693A8 /* Moya.framework in Frameworks */ = {isa = PBXBuildFile; fileRef = 27E6C9F423ACC31600F13A69 /* Moya.framework */; platformFilter = ios; };
		273BE59323B284BF007693A8 /* Kingfisher.framework in Frameworks */ = {isa = PBXBuildFile; fileRef = 27E6C9F123ACC30700F13A69 /* Kingfisher.framework */; platformFilter = ios; };
		273BE59423B284D9007693A8 /* Realm.framework in Frameworks */ = {isa = PBXBuildFile; fileRef = 27E6CA0023ACC34E00F13A69 /* Realm.framework */; platformFilter = ios; };
		273BE59523B2853D007693A8 /* ObjectMapper.framework in Frameworks */ = {isa = PBXBuildFile; fileRef = 27E6C9F723ACC32200F13A69 /* ObjectMapper.framework */; platformFilter = ios; };
		275B7D7823B2084D0084B4F2 /* Reachability.framework in Frameworks */ = {isa = PBXBuildFile; fileRef = 275B7D7723B2084D0084B4F2 /* Reachability.framework */; };
		275B7D7923B2084D0084B4F2 /* Reachability.framework in Embed Frameworks */ = {isa = PBXBuildFile; fileRef = 275B7D7723B2084D0084B4F2 /* Reachability.framework */; settings = {ATTRIBUTES = (CodeSignOnCopy, RemoveHeadersOnCopy, ); }; };
		275B7D7B23B20AA70084B4F2 /* ConnectionManager.swift in Sources */ = {isa = PBXBuildFile; fileRef = 275B7D7A23B20AA70084B4F2 /* ConnectionManager.swift */; };
		27627BDC23B2608000C52057 /* Realm.framework in Frameworks */ = {isa = PBXBuildFile; fileRef = 27E6CA0023ACC34E00F13A69 /* Realm.framework */; };
		27627BDD23B2609200C52057 /* RealmSwift.framework in Frameworks */ = {isa = PBXBuildFile; fileRef = 27E6C9FD23ACC33F00F13A69 /* RealmSwift.framework */; settings = {ATTRIBUTES = (Required, ); }; };
		27627BDE23B260B400C52057 /* Realm.framework in Embed Frameworks */ = {isa = PBXBuildFile; fileRef = 27E6CA0023ACC34E00F13A69 /* Realm.framework */; settings = {ATTRIBUTES = (CodeSignOnCopy, RemoveHeadersOnCopy, ); }; };
		27627BDF23B260B900C52057 /* RealmSwift.framework in Embed Frameworks */ = {isa = PBXBuildFile; fileRef = 27E6C9FD23ACC33F00F13A69 /* RealmSwift.framework */; settings = {ATTRIBUTES = (CodeSignOnCopy, RemoveHeadersOnCopy, ); }; };
		27D80E7E23ADA1B80027AE96 /* ModelProtocol.swift in Sources */ = {isa = PBXBuildFile; fileRef = 27D80E7D23ADA1B80027AE96 /* ModelProtocol.swift */; };
		27E6C98923ACAC2200F13A69 /* AppDelegate.swift in Sources */ = {isa = PBXBuildFile; fileRef = 27E6C98823ACAC2200F13A69 /* AppDelegate.swift */; };
		27E6C98B23ACAC2200F13A69 /* SceneDelegate.swift in Sources */ = {isa = PBXBuildFile; fileRef = 27E6C98A23ACAC2200F13A69 /* SceneDelegate.swift */; };
		27E6C99023ACAC2200F13A69 /* Main.storyboard in Resources */ = {isa = PBXBuildFile; fileRef = 27E6C98E23ACAC2200F13A69 /* Main.storyboard */; };
		27E6C99223ACAC2300F13A69 /* Assets.xcassets in Resources */ = {isa = PBXBuildFile; fileRef = 27E6C99123ACAC2300F13A69 /* Assets.xcassets */; };
		27E6C99523ACAC2300F13A69 /* LaunchScreen.storyboard in Resources */ = {isa = PBXBuildFile; fileRef = 27E6C99323ACAC2300F13A69 /* LaunchScreen.storyboard */; };
		27E6C9AB23ACAC2300F13A69 /* ShopPhoneUITests.swift in Sources */ = {isa = PBXBuildFile; fileRef = 27E6C9AA23ACAC2300F13A69 /* ShopPhoneUITests.swift */; };
		27E6C9C823ACB6CC00F13A69 /* PhoneDetailsPresenter.swift in Sources */ = {isa = PBXBuildFile; fileRef = 27E6C9C223ACB6CC00F13A69 /* PhoneDetailsPresenter.swift */; };
		27E6C9C923ACB6CC00F13A69 /* PhoneDetailsWorker.swift in Sources */ = {isa = PBXBuildFile; fileRef = 27E6C9C323ACB6CC00F13A69 /* PhoneDetailsWorker.swift */; };
		27E6C9CA23ACB6CC00F13A69 /* PhoneDetailsRouter.swift in Sources */ = {isa = PBXBuildFile; fileRef = 27E6C9C423ACB6CC00F13A69 /* PhoneDetailsRouter.swift */; };
		27E6C9CB23ACB6CC00F13A69 /* PhoneDetailsModels.swift in Sources */ = {isa = PBXBuildFile; fileRef = 27E6C9C523ACB6CC00F13A69 /* PhoneDetailsModels.swift */; };
		27E6C9CC23ACB6CC00F13A69 /* PhoneDetailsViewController.swift in Sources */ = {isa = PBXBuildFile; fileRef = 27E6C9C623ACB6CC00F13A69 /* PhoneDetailsViewController.swift */; };
		27E6C9CD23ACB6CC00F13A69 /* PhoneDetailsInteractor.swift in Sources */ = {isa = PBXBuildFile; fileRef = 27E6C9C723ACB6CC00F13A69 /* PhoneDetailsInteractor.swift */; };
		27E6C9D423ACB6E100F13A69 /* PhoneListPresenter.swift in Sources */ = {isa = PBXBuildFile; fileRef = 27E6C9CE23ACB6E100F13A69 /* PhoneListPresenter.swift */; };
		27E6C9D523ACB6E100F13A69 /* PhoneListWorker.swift in Sources */ = {isa = PBXBuildFile; fileRef = 27E6C9CF23ACB6E100F13A69 /* PhoneListWorker.swift */; };
		27E6C9D623ACB6E100F13A69 /* PhoneListRouter.swift in Sources */ = {isa = PBXBuildFile; fileRef = 27E6C9D023ACB6E100F13A69 /* PhoneListRouter.swift */; };
		27E6C9D723ACB6E100F13A69 /* PhoneListModels.swift in Sources */ = {isa = PBXBuildFile; fileRef = 27E6C9D123ACB6E100F13A69 /* PhoneListModels.swift */; };
		27E6C9D823ACB6E100F13A69 /* PhoneListViewController.swift in Sources */ = {isa = PBXBuildFile; fileRef = 27E6C9D223ACB6E100F13A69 /* PhoneListViewController.swift */; };
		27E6C9D923ACB6E100F13A69 /* PhoneListInteractor.swift in Sources */ = {isa = PBXBuildFile; fileRef = 27E6C9D323ACB6E100F13A69 /* PhoneListInteractor.swift */; };
		27E6C9DF23ACB72300F13A69 /* PhoneDataModel.swift in Sources */ = {isa = PBXBuildFile; fileRef = 27E6C9DE23ACB72300F13A69 /* PhoneDataModel.swift */; };
		27E6C9E123ACB73000F13A69 /* PhoneListCell.xib in Resources */ = {isa = PBXBuildFile; fileRef = 27E6C9E023ACB73000F13A69 /* PhoneListCell.xib */; };
		27E6C9E323ACB73800F13A69 /* PhoneListViewCell.swift in Sources */ = {isa = PBXBuildFile; fileRef = 27E6C9E223ACB73800F13A69 /* PhoneListViewCell.swift */; };
		27E6C9EA23ACB77600F13A69 /* PhoneDataService.swift in Sources */ = {isa = PBXBuildFile; fileRef = 27E6C9E923ACB77600F13A69 /* PhoneDataService.swift */; };
		27E6C9EE23ACC2FC00F13A69 /* Alamofire.framework in Frameworks */ = {isa = PBXBuildFile; fileRef = 27E6C9ED23ACC2FC00F13A69 /* Alamofire.framework */; };
		27E6C9EF23ACC2FC00F13A69 /* Alamofire.framework in Embed Frameworks */ = {isa = PBXBuildFile; fileRef = 27E6C9ED23ACC2FC00F13A69 /* Alamofire.framework */; settings = {ATTRIBUTES = (CodeSignOnCopy, RemoveHeadersOnCopy, ); }; };
		27E6C9F223ACC30700F13A69 /* Kingfisher.framework in Frameworks */ = {isa = PBXBuildFile; fileRef = 27E6C9F123ACC30700F13A69 /* Kingfisher.framework */; };
		27E6C9F323ACC30700F13A69 /* Kingfisher.framework in Embed Frameworks */ = {isa = PBXBuildFile; fileRef = 27E6C9F123ACC30700F13A69 /* Kingfisher.framework */; settings = {ATTRIBUTES = (CodeSignOnCopy, RemoveHeadersOnCopy, ); }; };
		27E6C9F523ACC31600F13A69 /* Moya.framework in Frameworks */ = {isa = PBXBuildFile; fileRef = 27E6C9F423ACC31600F13A69 /* Moya.framework */; };
		27E6C9F623ACC31600F13A69 /* Moya.framework in Embed Frameworks */ = {isa = PBXBuildFile; fileRef = 27E6C9F423ACC31600F13A69 /* Moya.framework */; settings = {ATTRIBUTES = (CodeSignOnCopy, RemoveHeadersOnCopy, ); }; };
		27E6C9F823ACC32300F13A69 /* ObjectMapper.framework in Frameworks */ = {isa = PBXBuildFile; fileRef = 27E6C9F723ACC32200F13A69 /* ObjectMapper.framework */; };
		27E6C9F923ACC32300F13A69 /* ObjectMapper.framework in Embed Frameworks */ = {isa = PBXBuildFile; fileRef = 27E6C9F723ACC32200F13A69 /* ObjectMapper.framework */; settings = {ATTRIBUTES = (CodeSignOnCopy, RemoveHeadersOnCopy, ); }; };
		27E6C9FB23ACC32E00F13A69 /* SwiftyJSON.framework in Frameworks */ = {isa = PBXBuildFile; fileRef = 27E6C9FA23ACC32E00F13A69 /* SwiftyJSON.framework */; };
		27E6C9FC23ACC32E00F13A69 /* SwiftyJSON.framework in Embed Frameworks */ = {isa = PBXBuildFile; fileRef = 27E6C9FA23ACC32E00F13A69 /* SwiftyJSON.framework */; settings = {ATTRIBUTES = (CodeSignOnCopy, RemoveHeadersOnCopy, ); }; };
		27FEF29323B30D7F00EB56BB /* ShopPhoneTests.swift in Sources */ = {isa = PBXBuildFile; fileRef = 27E6C99F23ACAC2300F13A69 /* ShopPhoneTests.swift */; };
/* End PBXBuildFile section */

/* Begin PBXContainerItemProxy section */
		27E6C99C23ACAC2300F13A69 /* PBXContainerItemProxy */ = {
			isa = PBXContainerItemProxy;
			containerPortal = 27E6C97D23ACAC2200F13A69 /* Project object */;
			proxyType = 1;
			remoteGlobalIDString = 27E6C98423ACAC2200F13A69;
			remoteInfo = ShopPhone;
		};
		27E6C9A723ACAC2300F13A69 /* PBXContainerItemProxy */ = {
			isa = PBXContainerItemProxy;
			containerPortal = 27E6C97D23ACAC2200F13A69 /* Project object */;
			proxyType = 1;
			remoteGlobalIDString = 27E6C98423ACAC2200F13A69;
			remoteInfo = ShopPhone;
		};
/* End PBXContainerItemProxy section */

/* Begin PBXCopyFilesBuildPhase section */
		27E6C9F023ACC2FC00F13A69 /* Embed Frameworks */ = {
			isa = PBXCopyFilesBuildPhase;
			buildActionMask = 2147483647;
			dstPath = "";
			dstSubfolderSpec = 10;
			files = (
				27627BDF23B260B900C52057 /* RealmSwift.framework in Embed Frameworks */,
				27627BDE23B260B400C52057 /* Realm.framework in Embed Frameworks */,
				27E6C9F323ACC30700F13A69 /* Kingfisher.framework in Embed Frameworks */,
				27E6C9F623ACC31600F13A69 /* Moya.framework in Embed Frameworks */,
				270D5A4723B05FA500A88C6F /* JGProgressHUD.framework in Embed Frameworks */,
				275B7D7923B2084D0084B4F2 /* Reachability.framework in Embed Frameworks */,
				27E6C9F923ACC32300F13A69 /* ObjectMapper.framework in Embed Frameworks */,
				27E6C9EF23ACC2FC00F13A69 /* Alamofire.framework in Embed Frameworks */,
				27E6C9FC23ACC32E00F13A69 /* SwiftyJSON.framework in Embed Frameworks */,
			);
			name = "Embed Frameworks";
			runOnlyForDeploymentPostprocessing = 0;
		};
/* End PBXCopyFilesBuildPhase section */

/* Begin PBXFileReference section */
		270D5A4123AF8D0D00A88C6F /* RealmManager.swift */ = {isa = PBXFileReference; lastKnownFileType = sourcecode.swift; path = RealmManager.swift; sourceTree = "<group>"; };
		270D5A4323AF8DF600A88C6F /* RealmManagerFavourite.swift */ = {isa = PBXFileReference; lastKnownFileType = sourcecode.swift; path = RealmManagerFavourite.swift; sourceTree = "<group>"; };
		270D5A4523B05FA500A88C6F /* JGProgressHUD.framework */ = {isa = PBXFileReference; lastKnownFileType = wrapper.framework; name = JGProgressHUD.framework; path = Carthage/Build/iOS/JGProgressHUD.framework; sourceTree = "<group>"; };
		272F532623AF0CF90075E03A /* PhoneImageModel.swift */ = {isa = PBXFileReference; lastKnownFileType = sourcecode.swift; path = PhoneImageModel.swift; sourceTree = "<group>"; };
		275B7D7723B2084D0084B4F2 /* Reachability.framework */ = {isa = PBXFileReference; lastKnownFileType = wrapper.framework; name = Reachability.framework; path = Carthage/Build/iOS/Reachability.framework; sourceTree = "<group>"; };
		275B7D7A23B20AA70084B4F2 /* ConnectionManager.swift */ = {isa = PBXFileReference; lastKnownFileType = sourcecode.swift; path = ConnectionManager.swift; sourceTree = "<group>"; };
		27D80E7D23ADA1B80027AE96 /* ModelProtocol.swift */ = {isa = PBXFileReference; lastKnownFileType = sourcecode.swift; path = ModelProtocol.swift; sourceTree = "<group>"; };
		27E6C98523ACAC2200F13A69 /* ShopPhone.app */ = {isa = PBXFileReference; explicitFileType = wrapper.application; includeInIndex = 0; path = ShopPhone.app; sourceTree = BUILT_PRODUCTS_DIR; };
		27E6C98823ACAC2200F13A69 /* AppDelegate.swift */ = {isa = PBXFileReference; lastKnownFileType = sourcecode.swift; path = AppDelegate.swift; sourceTree = "<group>"; };
		27E6C98A23ACAC2200F13A69 /* SceneDelegate.swift */ = {isa = PBXFileReference; lastKnownFileType = sourcecode.swift; path = SceneDelegate.swift; sourceTree = "<group>"; };
		27E6C98F23ACAC2200F13A69 /* Base */ = {isa = PBXFileReference; lastKnownFileType = file.storyboard; name = Base; path = Base.lproj/Main.storyboard; sourceTree = "<group>"; };
		27E6C99123ACAC2300F13A69 /* Assets.xcassets */ = {isa = PBXFileReference; lastKnownFileType = folder.assetcatalog; path = Assets.xcassets; sourceTree = "<group>"; };
		27E6C99423ACAC2300F13A69 /* Base */ = {isa = PBXFileReference; lastKnownFileType = file.storyboard; name = Base; path = Base.lproj/LaunchScreen.storyboard; sourceTree = "<group>"; };
		27E6C99623ACAC2300F13A69 /* Info.plist */ = {isa = PBXFileReference; lastKnownFileType = text.plist.xml; path = Info.plist; sourceTree = "<group>"; };
		27E6C99B23ACAC2300F13A69 /* ShopPhoneTests.xctest */ = {isa = PBXFileReference; explicitFileType = wrapper.cfbundle; includeInIndex = 0; path = ShopPhoneTests.xctest; sourceTree = BUILT_PRODUCTS_DIR; };
		27E6C99F23ACAC2300F13A69 /* ShopPhoneTests.swift */ = {isa = PBXFileReference; lastKnownFileType = sourcecode.swift; path = ShopPhoneTests.swift; sourceTree = "<group>"; };
		27E6C9A123ACAC2300F13A69 /* Info.plist */ = {isa = PBXFileReference; lastKnownFileType = text.plist.xml; path = Info.plist; sourceTree = "<group>"; };
		27E6C9A623ACAC2300F13A69 /* ShopPhoneUITests.xctest */ = {isa = PBXFileReference; explicitFileType = wrapper.cfbundle; includeInIndex = 0; path = ShopPhoneUITests.xctest; sourceTree = BUILT_PRODUCTS_DIR; };
		27E6C9AA23ACAC2300F13A69 /* ShopPhoneUITests.swift */ = {isa = PBXFileReference; lastKnownFileType = sourcecode.swift; path = ShopPhoneUITests.swift; sourceTree = "<group>"; };
		27E6C9AC23ACAC2300F13A69 /* Info.plist */ = {isa = PBXFileReference; lastKnownFileType = text.plist.xml; path = Info.plist; sourceTree = "<group>"; };
		27E6C9C223ACB6CC00F13A69 /* PhoneDetailsPresenter.swift */ = {isa = PBXFileReference; lastKnownFileType = sourcecode.swift; path = PhoneDetailsPresenter.swift; sourceTree = "<group>"; };
		27E6C9C323ACB6CC00F13A69 /* PhoneDetailsWorker.swift */ = {isa = PBXFileReference; lastKnownFileType = sourcecode.swift; path = PhoneDetailsWorker.swift; sourceTree = "<group>"; };
		27E6C9C423ACB6CC00F13A69 /* PhoneDetailsRouter.swift */ = {isa = PBXFileReference; lastKnownFileType = sourcecode.swift; path = PhoneDetailsRouter.swift; sourceTree = "<group>"; };
		27E6C9C523ACB6CC00F13A69 /* PhoneDetailsModels.swift */ = {isa = PBXFileReference; lastKnownFileType = sourcecode.swift; path = PhoneDetailsModels.swift; sourceTree = "<group>"; };
		27E6C9C623ACB6CC00F13A69 /* PhoneDetailsViewController.swift */ = {isa = PBXFileReference; lastKnownFileType = sourcecode.swift; path = PhoneDetailsViewController.swift; sourceTree = "<group>"; };
		27E6C9C723ACB6CC00F13A69 /* PhoneDetailsInteractor.swift */ = {isa = PBXFileReference; lastKnownFileType = sourcecode.swift; path = PhoneDetailsInteractor.swift; sourceTree = "<group>"; };
		27E6C9CE23ACB6E100F13A69 /* PhoneListPresenter.swift */ = {isa = PBXFileReference; lastKnownFileType = sourcecode.swift; path = PhoneListPresenter.swift; sourceTree = "<group>"; };
		27E6C9CF23ACB6E100F13A69 /* PhoneListWorker.swift */ = {isa = PBXFileReference; lastKnownFileType = sourcecode.swift; path = PhoneListWorker.swift; sourceTree = "<group>"; };
		27E6C9D023ACB6E100F13A69 /* PhoneListRouter.swift */ = {isa = PBXFileReference; lastKnownFileType = sourcecode.swift; path = PhoneListRouter.swift; sourceTree = "<group>"; };
		27E6C9D123ACB6E100F13A69 /* PhoneListModels.swift */ = {isa = PBXFileReference; lastKnownFileType = sourcecode.swift; path = PhoneListModels.swift; sourceTree = "<group>"; };
		27E6C9D223ACB6E100F13A69 /* PhoneListViewController.swift */ = {isa = PBXFileReference; lastKnownFileType = sourcecode.swift; path = PhoneListViewController.swift; sourceTree = "<group>"; };
		27E6C9D323ACB6E100F13A69 /* PhoneListInteractor.swift */ = {isa = PBXFileReference; lastKnownFileType = sourcecode.swift; path = PhoneListInteractor.swift; sourceTree = "<group>"; };
		27E6C9DE23ACB72300F13A69 /* PhoneDataModel.swift */ = {isa = PBXFileReference; fileEncoding = 4; lastKnownFileType = sourcecode.swift; name = PhoneDataModel.swift; path = ../../../../PhoneShop/PhoneShop/Models/Phone/PhoneDataModel.swift; sourceTree = "<group>"; };
		27E6C9E023ACB73000F13A69 /* PhoneListCell.xib */ = {isa = PBXFileReference; fileEncoding = 4; lastKnownFileType = file.xib; name = PhoneListCell.xib; path = ../../../../PhoneShop/PhoneShop/Views/Custom/PhoneListCell.xib; sourceTree = "<group>"; };
		27E6C9E223ACB73800F13A69 /* PhoneListViewCell.swift */ = {isa = PBXFileReference; fileEncoding = 4; lastKnownFileType = sourcecode.swift; name = PhoneListViewCell.swift; path = ../../../../PhoneShop/PhoneShop/Views/Custom/PhoneListViewCell.swift; sourceTree = "<group>"; };
		27E6C9E923ACB77600F13A69 /* PhoneDataService.swift */ = {isa = PBXFileReference; lastKnownFileType = sourcecode.swift; path = PhoneDataService.swift; sourceTree = "<group>"; };
		27E6C9ED23ACC2FC00F13A69 /* Alamofire.framework */ = {isa = PBXFileReference; lastKnownFileType = wrapper.framework; name = Alamofire.framework; path = Carthage/Build/iOS/Alamofire.framework; sourceTree = "<group>"; };
		27E6C9F123ACC30700F13A69 /* Kingfisher.framework */ = {isa = PBXFileReference; lastKnownFileType = wrapper.framework; name = Kingfisher.framework; path = Carthage/Build/iOS/Kingfisher.framework; sourceTree = "<group>"; };
		27E6C9F423ACC31600F13A69 /* Moya.framework */ = {isa = PBXFileReference; lastKnownFileType = wrapper.framework; name = Moya.framework; path = Carthage/Build/iOS/Moya.framework; sourceTree = "<group>"; };
		27E6C9F723ACC32200F13A69 /* ObjectMapper.framework */ = {isa = PBXFileReference; lastKnownFileType = wrapper.framework; name = ObjectMapper.framework; path = Carthage/Build/iOS/ObjectMapper.framework; sourceTree = "<group>"; };
		27E6C9FA23ACC32E00F13A69 /* SwiftyJSON.framework */ = {isa = PBXFileReference; lastKnownFileType = wrapper.framework; name = SwiftyJSON.framework; path = Carthage/Build/iOS/SwiftyJSON.framework; sourceTree = "<group>"; };
		27E6C9FD23ACC33F00F13A69 /* RealmSwift.framework */ = {isa = PBXFileReference; lastKnownFileType = wrapper.framework; name = RealmSwift.framework; path = Carthage/Build/iOS/RealmSwift.framework; sourceTree = "<group>"; };
		27E6CA0023ACC34E00F13A69 /* Realm.framework */ = {isa = PBXFileReference; lastKnownFileType = wrapper.framework; name = Realm.framework; path = Carthage/Build/iOS/Realm.framework; sourceTree = "<group>"; };
/* End PBXFileReference section */

/* Begin PBXFrameworksBuildPhase section */
		27E6C98223ACAC2200F13A69 /* Frameworks */ = {
			isa = PBXFrameworksBuildPhase;
			buildActionMask = 2147483647;
			files = (
				27627BDD23B2609200C52057 /* RealmSwift.framework in Frameworks */,
				27627BDC23B2608000C52057 /* Realm.framework in Frameworks */,
				27E6C9F223ACC30700F13A69 /* Kingfisher.framework in Frameworks */,
				27E6C9F523ACC31600F13A69 /* Moya.framework in Frameworks */,
				270D5A4623B05FA500A88C6F /* JGProgressHUD.framework in Frameworks */,
				275B7D7823B2084D0084B4F2 /* Reachability.framework in Frameworks */,
				27E6C9F823ACC32300F13A69 /* ObjectMapper.framework in Frameworks */,
				27E6C9EE23ACC2FC00F13A69 /* Alamofire.framework in Frameworks */,
				27E6C9FB23ACC32E00F13A69 /* SwiftyJSON.framework in Frameworks */,
			);
			runOnlyForDeploymentPostprocessing = 0;
		};
		27E6C99823ACAC2300F13A69 /* Frameworks */ = {
			isa = PBXFrameworksBuildPhase;
			buildActionMask = 2147483647;
			files = (
				273BE59523B2853D007693A8 /* ObjectMapper.framework in Frameworks */,
				273BE59423B284D9007693A8 /* Realm.framework in Frameworks */,
				273BE59323B284BF007693A8 /* Kingfisher.framework in Frameworks */,
				273BE59223B2848F007693A8 /* Moya.framework in Frameworks */,
				273BE59123B27EDD007693A8 /* Reachability.framework in Frameworks */,
				273BE59023B27EC6007693A8 /* RealmSwift.framework in Frameworks */,
				273BE58F23B27E73007693A8 /* SwiftyJSON.framework in Frameworks */,
				273BE58E23B27E5E007693A8 /* JGProgressHUD.framework in Frameworks */,
				273BE58D23B27C61007693A8 /* Alamofire.framework in Frameworks */,
			);
			runOnlyForDeploymentPostprocessing = 0;
		};
		27E6C9A323ACAC2300F13A69 /* Frameworks */ = {
			isa = PBXFrameworksBuildPhase;
			buildActionMask = 2147483647;
			files = (
			);
			runOnlyForDeploymentPostprocessing = 0;
		};
/* End PBXFrameworksBuildPhase section */

/* Begin PBXGroup section */
		27E6C97C23ACAC2200F13A69 = {
			isa = PBXGroup;
			children = (
				27E6C98723ACAC2200F13A69 /* ShopPhone */,
				27E6C99E23ACAC2300F13A69 /* ShopPhoneTests */,
				27E6C9A923ACAC2300F13A69 /* ShopPhoneUITests */,
				27E6C98623ACAC2200F13A69 /* Products */,
				27E6C9EC23ACC2FC00F13A69 /* Frameworks */,
			);
			sourceTree = "<group>";
		};
		27E6C98623ACAC2200F13A69 /* Products */ = {
			isa = PBXGroup;
			children = (
				27E6C98523ACAC2200F13A69 /* ShopPhone.app */,
				27E6C99B23ACAC2300F13A69 /* ShopPhoneTests.xctest */,
				27E6C9A623ACAC2300F13A69 /* ShopPhoneUITests.xctest */,
			);
			name = Products;
			sourceTree = "<group>";
		};
		27E6C98723ACAC2200F13A69 /* ShopPhone */ = {
			isa = PBXGroup;
			children = (
				27E6C9B823ACB5B100F13A69 /* Views */,
				27E6C9BB23ACB61300F13A69 /* Scences */,
				27E6C9BC23ACB62B00F13A69 /* Models */,
				27E6C9E423ACB74A00F13A69 /* Services */,
				27E6C9BF23ACB64A00F13A69 /* Support Files */,
			);
			path = ShopPhone;
			sourceTree = "<group>";
		};
		27E6C99E23ACAC2300F13A69 /* ShopPhoneTests */ = {
			isa = PBXGroup;
			children = (
				27E6C99F23ACAC2300F13A69 /* ShopPhoneTests.swift */,
				27E6C9A123ACAC2300F13A69 /* Info.plist */,
			);
			path = ShopPhoneTests;
			sourceTree = "<group>";
		};
		27E6C9A923ACAC2300F13A69 /* ShopPhoneUITests */ = {
			isa = PBXGroup;
			children = (
				27E6C9AA23ACAC2300F13A69 /* ShopPhoneUITests.swift */,
				27E6C9AC23ACAC2300F13A69 /* Info.plist */,
			);
			path = ShopPhoneUITests;
			sourceTree = "<group>";
		};
		27E6C9B823ACB5B100F13A69 /* Views */ = {
			isa = PBXGroup;
			children = (
				27E6C9BA23ACB60400F13A69 /* Custom */,
				27E6C9B923ACB5EA00F13A69 /* StoryBoards */,
			);
			path = Views;
			sourceTree = "<group>";
		};
		27E6C9B923ACB5EA00F13A69 /* StoryBoards */ = {
			isa = PBXGroup;
			children = (
				27E6C98E23ACAC2200F13A69 /* Main.storyboard */,
				27E6C99323ACAC2300F13A69 /* LaunchScreen.storyboard */,
			);
			path = StoryBoards;
			sourceTree = "<group>";
		};
		27E6C9BA23ACB60400F13A69 /* Custom */ = {
			isa = PBXGroup;
			children = (
				27E6C9E023ACB73000F13A69 /* PhoneListCell.xib */,
				27E6C9E223ACB73800F13A69 /* PhoneListViewCell.swift */,
			);
			path = Custom;
			sourceTree = "<group>";
		};
		27E6C9BB23ACB61300F13A69 /* Scences */ = {
			isa = PBXGroup;
			children = (
				27E6C9C123ACB6AD00F13A69 /* PhoneDetails */,
				27E6C9C023ACB69F00F13A69 /* PhoneList */,
			);
			path = Scences;
			sourceTree = "<group>";
		};
		27E6C9BC23ACB62B00F13A69 /* Models */ = {
			isa = PBXGroup;
			children = (
				27E6C9BD23ACB63600F13A69 /* Phone */,
				27E6C9BE23ACB63C00F13A69 /* Realm */,
			);
			path = Models;
			sourceTree = "<group>";
		};
		27E6C9BD23ACB63600F13A69 /* Phone */ = {
			isa = PBXGroup;
			children = (
				27E6C9DE23ACB72300F13A69 /* PhoneDataModel.swift */,
				272F532623AF0CF90075E03A /* PhoneImageModel.swift */,
				27D80E7D23ADA1B80027AE96 /* ModelProtocol.swift */,
			);
			path = Phone;
			sourceTree = "<group>";
		};
		27E6C9BE23ACB63C00F13A69 /* Realm */ = {
			isa = PBXGroup;
			children = (
				270D5A4123AF8D0D00A88C6F /* RealmManager.swift */,
				270D5A4323AF8DF600A88C6F /* RealmManagerFavourite.swift */,
			);
			path = Realm;
			sourceTree = "<group>";
		};
		27E6C9BF23ACB64A00F13A69 /* Support Files */ = {
			isa = PBXGroup;
			children = (
				27E6C98823ACAC2200F13A69 /* AppDelegate.swift */,
				27E6C98A23ACAC2200F13A69 /* SceneDelegate.swift */,
				275B7D7A23B20AA70084B4F2 /* ConnectionManager.swift */,
				27E6C99123ACAC2300F13A69 /* Assets.xcassets */,
				27E6C99623ACAC2300F13A69 /* Info.plist */,
			);
			path = "Support Files";
			sourceTree = "<group>";
		};
		27E6C9C023ACB69F00F13A69 /* PhoneList */ = {
			isa = PBXGroup;
			children = (
				27E6C9CE23ACB6E100F13A69 /* PhoneListPresenter.swift */,
				27E6C9CF23ACB6E100F13A69 /* PhoneListWorker.swift */,
				27E6C9D023ACB6E100F13A69 /* PhoneListRouter.swift */,
				27E6C9D123ACB6E100F13A69 /* PhoneListModels.swift */,
				27E6C9D223ACB6E100F13A69 /* PhoneListViewController.swift */,
				27E6C9D323ACB6E100F13A69 /* PhoneListInteractor.swift */,
			);
			path = PhoneList;
			sourceTree = "<group>";
		};
		27E6C9C123ACB6AD00F13A69 /* PhoneDetails */ = {
			isa = PBXGroup;
			children = (
				27E6C9C223ACB6CC00F13A69 /* PhoneDetailsPresenter.swift */,
				27E6C9C323ACB6CC00F13A69 /* PhoneDetailsWorker.swift */,
				27E6C9C423ACB6CC00F13A69 /* PhoneDetailsRouter.swift */,
				27E6C9C523ACB6CC00F13A69 /* PhoneDetailsModels.swift */,
				27E6C9C623ACB6CC00F13A69 /* PhoneDetailsViewController.swift */,
				27E6C9C723ACB6CC00F13A69 /* PhoneDetailsInteractor.swift */,
			);
			path = PhoneDetails;
			sourceTree = "<group>";
		};
		27E6C9E423ACB74A00F13A69 /* Services */ = {
			isa = PBXGroup;
			children = (
				27E6C9E923ACB77600F13A69 /* PhoneDataService.swift */,
			);
			path = Services;
			sourceTree = "<group>";
		};
		27E6C9EC23ACC2FC00F13A69 /* Frameworks */ = {
			isa = PBXGroup;
			children = (
				275B7D7723B2084D0084B4F2 /* Reachability.framework */,
				270D5A4523B05FA500A88C6F /* JGProgressHUD.framework */,
				27E6CA0023ACC34E00F13A69 /* Realm.framework */,
				27E6C9FD23ACC33F00F13A69 /* RealmSwift.framework */,
				27E6C9FA23ACC32E00F13A69 /* SwiftyJSON.framework */,
				27E6C9F723ACC32200F13A69 /* ObjectMapper.framework */,
				27E6C9F423ACC31600F13A69 /* Moya.framework */,
				27E6C9F123ACC30700F13A69 /* Kingfisher.framework */,
				27E6C9ED23ACC2FC00F13A69 /* Alamofire.framework */,
			);
			name = Frameworks;
			sourceTree = "<group>";
		};
/* End PBXGroup section */

/* Begin PBXNativeTarget section */
		27E6C98423ACAC2200F13A69 /* ShopPhone */ = {
			isa = PBXNativeTarget;
			buildConfigurationList = 27E6C9AF23ACAC2300F13A69 /* Build configuration list for PBXNativeTarget "ShopPhone" */;
			buildPhases = (
				27E6C98123ACAC2200F13A69 /* Sources */,
				27E6C98223ACAC2200F13A69 /* Frameworks */,
				27E6C98323ACAC2200F13A69 /* Resources */,
				27E6C9EB23ACC24100F13A69 /* ShellScript */,
				27E6C9F023ACC2FC00F13A69 /* Embed Frameworks */,
			);
			buildRules = (
			);
			dependencies = (
			);
			name = ShopPhone;
			productName = ShopPhone;
			productReference = 27E6C98523ACAC2200F13A69 /* ShopPhone.app */;
			productType = "com.apple.product-type.application";
		};
		27E6C99A23ACAC2300F13A69 /* ShopPhoneTests */ = {
			isa = PBXNativeTarget;
			buildConfigurationList = 27E6C9B223ACAC2300F13A69 /* Build configuration list for PBXNativeTarget "ShopPhoneTests" */;
			buildPhases = (
				27E6C99723ACAC2300F13A69 /* Sources */,
				27E6C99823ACAC2300F13A69 /* Frameworks */,
				27E6C99923ACAC2300F13A69 /* Resources */,
				270D5A4923B1FC1D00A88C6F /* ShellScript */,
			);
			buildRules = (
			);
			dependencies = (
				27E6C99D23ACAC2300F13A69 /* PBXTargetDependency */,
			);
			name = ShopPhoneTests;
			productName = ShopPhoneTests;
			productReference = 27E6C99B23ACAC2300F13A69 /* ShopPhoneTests.xctest */;
			productType = "com.apple.product-type.bundle.unit-test";
		};
		27E6C9A523ACAC2300F13A69 /* ShopPhoneUITests */ = {
			isa = PBXNativeTarget;
			buildConfigurationList = 27E6C9B523ACAC2300F13A69 /* Build configuration list for PBXNativeTarget "ShopPhoneUITests" */;
			buildPhases = (
				27E6C9A223ACAC2300F13A69 /* Sources */,
				27E6C9A323ACAC2300F13A69 /* Frameworks */,
				27E6C9A423ACAC2300F13A69 /* Resources */,
			);
			buildRules = (
			);
			dependencies = (
				27E6C9A823ACAC2300F13A69 /* PBXTargetDependency */,
			);
			name = ShopPhoneUITests;
			productName = ShopPhoneUITests;
			productReference = 27E6C9A623ACAC2300F13A69 /* ShopPhoneUITests.xctest */;
			productType = "com.apple.product-type.bundle.ui-testing";
		};
/* End PBXNativeTarget section */

/* Begin PBXProject section */
		27E6C97D23ACAC2200F13A69 /* Project object */ = {
			isa = PBXProject;
			attributes = {
				LastSwiftUpdateCheck = 1130;
				LastUpgradeCheck = 1130;
				ORGANIZATIONNAME = "Orathai Udomluk";
				TargetAttributes = {
					27E6C98423ACAC2200F13A69 = {
						CreatedOnToolsVersion = 11.3;
					};
					27E6C99A23ACAC2300F13A69 = {
						CreatedOnToolsVersion = 11.3;
						TestTargetID = 27E6C98423ACAC2200F13A69;
					};
					27E6C9A523ACAC2300F13A69 = {
						CreatedOnToolsVersion = 11.3;
						TestTargetID = 27E6C98423ACAC2200F13A69;
					};
				};
			};
			buildConfigurationList = 27E6C98023ACAC2200F13A69 /* Build configuration list for PBXProject "ShopPhone" */;
			compatibilityVersion = "Xcode 9.3";
			developmentRegion = en;
			hasScannedForEncodings = 0;
			knownRegions = (
				en,
				Base,
			);
			mainGroup = 27E6C97C23ACAC2200F13A69;
			productRefGroup = 27E6C98623ACAC2200F13A69 /* Products */;
			projectDirPath = "";
			projectRoot = "";
			targets = (
				27E6C98423ACAC2200F13A69 /* ShopPhone */,
				27E6C99A23ACAC2300F13A69 /* ShopPhoneTests */,
				27E6C9A523ACAC2300F13A69 /* ShopPhoneUITests */,
			);
		};
/* End PBXProject section */

/* Begin PBXResourcesBuildPhase section */
		27E6C98323ACAC2200F13A69 /* Resources */ = {
			isa = PBXResourcesBuildPhase;
			buildActionMask = 2147483647;
			files = (
				27E6C9E123ACB73000F13A69 /* PhoneListCell.xib in Resources */,
				27E6C99523ACAC2300F13A69 /* LaunchScreen.storyboard in Resources */,
				27E6C99223ACAC2300F13A69 /* Assets.xcassets in Resources */,
				27E6C99023ACAC2200F13A69 /* Main.storyboard in Resources */,
			);
			runOnlyForDeploymentPostprocessing = 0;
		};
		27E6C99923ACAC2300F13A69 /* Resources */ = {
			isa = PBXResourcesBuildPhase;
			buildActionMask = 2147483647;
			files = (
				273BE58C23B279DD007693A8 /* Kingfisher.framework in Resources */,
				273BE58B23B279D8007693A8 /* Moya.framework in Resources */,
				273BE58A23B279D3007693A8 /* ObjectMapper.framework in Resources */,
				273BE58923B279CE007693A8 /* SwiftyJSON.framework in Resources */,
				273BE58823B279C9007693A8 /* RealmSwift.framework in Resources */,
				273BE58723B279C3007693A8 /* Realm.framework in Resources */,
				273BE58623B279AE007693A8 /* JGProgressHUD.framework in Resources */,
				273BE58523B279A7007693A8 /* Alamofire.framework in Resources */,
				273BE58423B27992007693A8 /* Reachability.framework in Resources */,
			);
			runOnlyForDeploymentPostprocessing = 0;
		};
		27E6C9A423ACAC2300F13A69 /* Resources */ = {
			isa = PBXResourcesBuildPhase;
			buildActionMask = 2147483647;
			files = (
			);
			runOnlyForDeploymentPostprocessing = 0;
		};
/* End PBXResourcesBuildPhase section */

/* Begin PBXShellScriptBuildPhase section */
		270D5A4923B1FC1D00A88C6F /* ShellScript */ = {
			isa = PBXShellScriptBuildPhase;
			buildActionMask = 8;
			dependencyFile = "$(DERIVED_FILES_DIR)/$(INPUT_FILE_PATH).d";
			files = (
			);
			inputFileListPaths = (
			);
			inputPaths = (
				"$(SRCROOT)/Carthage/Build/iOS/Kingfisher.framework",
				"$(SRCROOT)/Carthage/Build/iOS/Moya.framework",
				"$(SRCROOT)/Carthage/Build/iOS/Alamofire.framework",
				"$(SRCROOT)/Carthage/Build/iOS/RealmSwift.framework",
				"$(SRCROOT)/Carthage/Build/iOS/ObjectMapper.framework",
				"$(SRCROOT)/Carthage/Build/iOS/SwiftyJSON.framework",
				"$(SRCROOT)/Carthage/Build/iOS/JGProgressHUD.framework",
				"$(SRCROOT)/Carthage/Build/iOS/Reachability.framework",
				"$(SRCROOT)/Carthage/Build/iOS/Realm.framework",
			);
			outputFileListPaths = (
			);
			outputPaths = (
				"$(DERIVED_FILE_DIR)/Kingfisher.framework",
				"$(SRCROOT)/Carthage/Build/iOS/Moya.framework",
				"$(SRCROOT)/Carthage/Build/iOS/Alamofire.framework",
				"$(SRCROOT)/Carthage/Build/iOS/RealmSwift.framework",
				"$(SRCROOT)/Carthage/Build/iOS/ObjectMapper.framework",
				"$(SRCROOT)/Carthage/Build/iOS/SwiftyJSON.framework",
				"$(DERIVED_FILE_DIR)/JGProgressHUD.framework",
				"$(DERIVED_FILE_DIR)/Reachability.framework",
				"$(SRCROOT)/Carthage/Build/iOS/Realm.framework",
			);
			runOnlyForDeploymentPostprocessing = 1;
			shellPath = /bin/sh;
			shellScript = "/usr/local/bin/carthage copy-frameworks\n\n";
		};
		27E6C9EB23ACC24100F13A69 /* ShellScript */ = {
			isa = PBXShellScriptBuildPhase;
			buildActionMask = 8;
			dependencyFile = "$(DERIVED_FILES_DIR)/$(INPUT_FILE_PATH).d";
			files = (
			);
			inputFileListPaths = (
			);
			inputPaths = (
				"$(SRCROOT)/Carthage/Build/iOS/Kingfisher.framework",
				"$(SRCROOT)/Carthage/Build/iOS/Moya.framework",
				"$(SRCROOT)/Carthage/Build/iOS/Alamofire.framework",
				"$(SRCROOT)/Carthage/Build/iOS/RealmSwift.framework",
				"$(SRCROOT)/Carthage/Build/iOS/ObjectMapper.framework",
				"$(SRCROOT)/Carthage/Build/iOS/SwiftyJSON.framework",
				"$(SRCROOT)/Carthage/Build/iOS/JGProgressHUD.framework",
				"$(SRCROOT)/Carthage/Build/iOS/Reachability.framework",
				"$(SRCROOT)/Carthage/Build/iOS/Realm.framework",
			);
			outputFileListPaths = (
			);
			outputPaths = (
				"$(DERIVED_FILE_DIR)/Kingfisher.framework",
				"$(DERIVED_FILE_DIR)/Moya.framework",
				"$(DERIVED_FILE_DIR)/Alamofire.framework",
				"$(DERIVED_FILE_DIR)/RealmSwift.framework",
				"$(DERIVED_FILE_DIR)/ObjectMapper.framework",
				"$(DERIVED_FILE_DIR)/SwiftyJSON.framework",
				"$(DERIVED_FILE_DIR)/JGProgressHUD.framework",
				"$(DERIVED_FILE_DIR)/Reachability.framework",
				"$(DERIVED_FILE_DIR)/Realm.framework",
			);
			runOnlyForDeploymentPostprocessing = 1;
			shellPath = /bin/sh;
			shellScript = "/usr/local/bin/carthage copy-frameworks\n";
		};
/* End PBXShellScriptBuildPhase section */

/* Begin PBXSourcesBuildPhase section */
		27E6C98123ACAC2200F13A69 /* Sources */ = {
			isa = PBXSourcesBuildPhase;
			buildActionMask = 2147483647;
			files = (
				27E6C9D623ACB6E100F13A69 /* PhoneListRouter.swift in Sources */,
				27E6C9D823ACB6E100F13A69 /* PhoneListViewController.swift in Sources */,
				27E6C9CA23ACB6CC00F13A69 /* PhoneDetailsRouter.swift in Sources */,
				27E6C9DF23ACB72300F13A69 /* PhoneDataModel.swift in Sources */,
				27E6C9EA23ACB77600F13A69 /* PhoneDataService.swift in Sources */,
				27E6C9CB23ACB6CC00F13A69 /* PhoneDetailsModels.swift in Sources */,
				270D5A4423AF8DF600A88C6F /* RealmManagerFavourite.swift in Sources */,
				27E6C9CD23ACB6CC00F13A69 /* PhoneDetailsInteractor.swift in Sources */,
				272F532723AF0CF90075E03A /* PhoneImageModel.swift in Sources */,
				275B7D7B23B20AA70084B4F2 /* ConnectionManager.swift in Sources */,
				27E6C9D423ACB6E100F13A69 /* PhoneListPresenter.swift in Sources */,
				27E6C9CC23ACB6CC00F13A69 /* PhoneDetailsViewController.swift in Sources */,
				27E6C9D723ACB6E100F13A69 /* PhoneListModels.swift in Sources */,
				27E6C98923ACAC2200F13A69 /* AppDelegate.swift in Sources */,
				27E6C9D523ACB6E100F13A69 /* PhoneListWorker.swift in Sources */,
				27E6C9C923ACB6CC00F13A69 /* PhoneDetailsWorker.swift in Sources */,
				27E6C9C823ACB6CC00F13A69 /* PhoneDetailsPresenter.swift in Sources */,
				27E6C98B23ACAC2200F13A69 /* SceneDelegate.swift in Sources */,
				27E6C9E323ACB73800F13A69 /* PhoneListViewCell.swift in Sources */,
				270D5A4223AF8D0D00A88C6F /* RealmManager.swift in Sources */,
				27E6C9D923ACB6E100F13A69 /* PhoneListInteractor.swift in Sources */,
				27D80E7E23ADA1B80027AE96 /* ModelProtocol.swift in Sources */,
			);
			runOnlyForDeploymentPostprocessing = 0;
		};
		27E6C99723ACAC2300F13A69 /* Sources */ = {
			isa = PBXSourcesBuildPhase;
			buildActionMask = 2147483647;
			files = (
				27FEF29323B30D7F00EB56BB /* ShopPhoneTests.swift in Sources */,
			);
			runOnlyForDeploymentPostprocessing = 0;
		};
		27E6C9A223ACAC2300F13A69 /* Sources */ = {
			isa = PBXSourcesBuildPhase;
			buildActionMask = 2147483647;
			files = (
				27E6C9AB23ACAC2300F13A69 /* ShopPhoneUITests.swift in Sources */,
			);
			runOnlyForDeploymentPostprocessing = 0;
		};
/* End PBXSourcesBuildPhase section */

/* Begin PBXTargetDependency section */
		27E6C99D23ACAC2300F13A69 /* PBXTargetDependency */ = {
			isa = PBXTargetDependency;
			target = 27E6C98423ACAC2200F13A69 /* ShopPhone */;
			targetProxy = 27E6C99C23ACAC2300F13A69 /* PBXContainerItemProxy */;
		};
		27E6C9A823ACAC2300F13A69 /* PBXTargetDependency */ = {
			isa = PBXTargetDependency;
			target = 27E6C98423ACAC2200F13A69 /* ShopPhone */;
			targetProxy = 27E6C9A723ACAC2300F13A69 /* PBXContainerItemProxy */;
		};
/* End PBXTargetDependency section */

/* Begin PBXVariantGroup section */
		27E6C98E23ACAC2200F13A69 /* Main.storyboard */ = {
			isa = PBXVariantGroup;
			children = (
				27E6C98F23ACAC2200F13A69 /* Base */,
			);
			name = Main.storyboard;
			sourceTree = "<group>";
		};
		27E6C99323ACAC2300F13A69 /* LaunchScreen.storyboard */ = {
			isa = PBXVariantGroup;
			children = (
				27E6C99423ACAC2300F13A69 /* Base */,
			);
			name = LaunchScreen.storyboard;
			sourceTree = "<group>";
		};
/* End PBXVariantGroup section */

/* Begin XCBuildConfiguration section */
		27E6C9AD23ACAC2300F13A69 /* Debug */ = {
			isa = XCBuildConfiguration;
			buildSettings = {
				ALWAYS_SEARCH_USER_PATHS = NO;
				CLANG_ANALYZER_NONNULL = YES;
				CLANG_ANALYZER_NUMBER_OBJECT_CONVERSION = YES_AGGRESSIVE;
				CLANG_CXX_LANGUAGE_STANDARD = "gnu++14";
				CLANG_CXX_LIBRARY = "libc++";
				CLANG_ENABLE_MODULES = YES;
				CLANG_ENABLE_OBJC_ARC = YES;
				CLANG_ENABLE_OBJC_WEAK = YES;
				CLANG_WARN_BLOCK_CAPTURE_AUTORELEASING = YES;
				CLANG_WARN_BOOL_CONVERSION = YES;
				CLANG_WARN_COMMA = YES;
				CLANG_WARN_CONSTANT_CONVERSION = YES;
				CLANG_WARN_DEPRECATED_OBJC_IMPLEMENTATIONS = YES;
				CLANG_WARN_DIRECT_OBJC_ISA_USAGE = YES_ERROR;
				CLANG_WARN_DOCUMENTATION_COMMENTS = YES;
				CLANG_WARN_EMPTY_BODY = YES;
				CLANG_WARN_ENUM_CONVERSION = YES;
				CLANG_WARN_INFINITE_RECURSION = YES;
				CLANG_WARN_INT_CONVERSION = YES;
				CLANG_WARN_NON_LITERAL_NULL_CONVERSION = YES;
				CLANG_WARN_OBJC_IMPLICIT_RETAIN_SELF = YES;
				CLANG_WARN_OBJC_LITERAL_CONVERSION = YES;
				CLANG_WARN_OBJC_ROOT_CLASS = YES_ERROR;
				CLANG_WARN_RANGE_LOOP_ANALYSIS = YES;
				CLANG_WARN_STRICT_PROTOTYPES = YES;
				CLANG_WARN_SUSPICIOUS_MOVE = YES;
				CLANG_WARN_UNGUARDED_AVAILABILITY = YES_AGGRESSIVE;
				CLANG_WARN_UNREACHABLE_CODE = YES;
				CLANG_WARN__DUPLICATE_METHOD_MATCH = YES;
				COPY_PHASE_STRIP = NO;
				DEBUG_INFORMATION_FORMAT = dwarf;
				ENABLE_STRICT_OBJC_MSGSEND = YES;
				ENABLE_TESTABILITY = YES;
				GCC_C_LANGUAGE_STANDARD = gnu11;
				GCC_DYNAMIC_NO_PIC = NO;
				GCC_NO_COMMON_BLOCKS = YES;
				GCC_OPTIMIZATION_LEVEL = 0;
				GCC_PREPROCESSOR_DEFINITIONS = (
					"DEBUG=1",
					"$(inherited)",
				);
				GCC_WARN_64_TO_32_BIT_CONVERSION = YES;
				GCC_WARN_ABOUT_RETURN_TYPE = YES_ERROR;
				GCC_WARN_UNDECLARED_SELECTOR = YES;
				GCC_WARN_UNINITIALIZED_AUTOS = YES_AGGRESSIVE;
				GCC_WARN_UNUSED_FUNCTION = YES;
				GCC_WARN_UNUSED_VARIABLE = YES;
				IPHONEOS_DEPLOYMENT_TARGET = 13.0;
				MTL_ENABLE_DEBUG_INFO = INCLUDE_SOURCE;
				MTL_FAST_MATH = YES;
				ONLY_ACTIVE_ARCH = YES;
				SDKROOT = iphoneos;
				SWIFT_ACTIVE_COMPILATION_CONDITIONS = DEBUG;
				SWIFT_OPTIMIZATION_LEVEL = "-Onone";
			};
			name = Debug;
		};
		27E6C9AE23ACAC2300F13A69 /* Release */ = {
			isa = XCBuildConfiguration;
			buildSettings = {
				ALWAYS_SEARCH_USER_PATHS = NO;
				CLANG_ANALYZER_NONNULL = YES;
				CLANG_ANALYZER_NUMBER_OBJECT_CONVERSION = YES_AGGRESSIVE;
				CLANG_CXX_LANGUAGE_STANDARD = "gnu++14";
				CLANG_CXX_LIBRARY = "libc++";
				CLANG_ENABLE_MODULES = YES;
				CLANG_ENABLE_OBJC_ARC = YES;
				CLANG_ENABLE_OBJC_WEAK = YES;
				CLANG_WARN_BLOCK_CAPTURE_AUTORELEASING = YES;
				CLANG_WARN_BOOL_CONVERSION = YES;
				CLANG_WARN_COMMA = YES;
				CLANG_WARN_CONSTANT_CONVERSION = YES;
				CLANG_WARN_DEPRECATED_OBJC_IMPLEMENTATIONS = YES;
				CLANG_WARN_DIRECT_OBJC_ISA_USAGE = YES_ERROR;
				CLANG_WARN_DOCUMENTATION_COMMENTS = YES;
				CLANG_WARN_EMPTY_BODY = YES;
				CLANG_WARN_ENUM_CONVERSION = YES;
				CLANG_WARN_INFINITE_RECURSION = YES;
				CLANG_WARN_INT_CONVERSION = YES;
				CLANG_WARN_NON_LITERAL_NULL_CONVERSION = YES;
				CLANG_WARN_OBJC_IMPLICIT_RETAIN_SELF = YES;
				CLANG_WARN_OBJC_LITERAL_CONVERSION = YES;
				CLANG_WARN_OBJC_ROOT_CLASS = YES_ERROR;
				CLANG_WARN_RANGE_LOOP_ANALYSIS = YES;
				CLANG_WARN_STRICT_PROTOTYPES = YES;
				CLANG_WARN_SUSPICIOUS_MOVE = YES;
				CLANG_WARN_UNGUARDED_AVAILABILITY = YES_AGGRESSIVE;
				CLANG_WARN_UNREACHABLE_CODE = YES;
				CLANG_WARN__DUPLICATE_METHOD_MATCH = YES;
				COPY_PHASE_STRIP = NO;
				DEBUG_INFORMATION_FORMAT = "dwarf-with-dsym";
				ENABLE_NS_ASSERTIONS = NO;
				ENABLE_STRICT_OBJC_MSGSEND = YES;
				GCC_C_LANGUAGE_STANDARD = gnu11;
				GCC_NO_COMMON_BLOCKS = YES;
				GCC_WARN_64_TO_32_BIT_CONVERSION = YES;
				GCC_WARN_ABOUT_RETURN_TYPE = YES_ERROR;
				GCC_WARN_UNDECLARED_SELECTOR = YES;
				GCC_WARN_UNINITIALIZED_AUTOS = YES_AGGRESSIVE;
				GCC_WARN_UNUSED_FUNCTION = YES;
				GCC_WARN_UNUSED_VARIABLE = YES;
				IPHONEOS_DEPLOYMENT_TARGET = 13.0;
				MTL_ENABLE_DEBUG_INFO = NO;
				MTL_FAST_MATH = YES;
				SDKROOT = iphoneos;
				SWIFT_COMPILATION_MODE = wholemodule;
				SWIFT_OPTIMIZATION_LEVEL = "-O";
				VALIDATE_PRODUCT = YES;
			};
			name = Release;
		};
		27E6C9B023ACAC2300F13A69 /* Debug */ = {
			isa = XCBuildConfiguration;
			buildSettings = {
				ASSETCATALOG_COMPILER_APPICON_NAME = AppIcon;
				CODE_SIGN_STYLE = Automatic;
				DEVELOPMENT_TEAM = RJ7AM29PL8;
				FRAMEWORK_SEARCH_PATHS = (
					"$(inherited)",
					"$(PROJECT_DIR)/Carthage/Build/iOS",
				);
				INFOPLIST_FILE = "$(SRCROOT)/ShopPhone/Support Files/Info.plist";
				IPHONEOS_DEPLOYMENT_TARGET = 13.0;
				LD_RUNPATH_SEARCH_PATHS = (
					"$(inherited)",
					"@executable_path/Frameworks",
				);
				PRODUCT_BUNDLE_IDENTIFIER = com.orathai.ShopPhone;
				PRODUCT_NAME = "$(TARGET_NAME)";
				SWIFT_VERSION = 5.0;
				TARGETED_DEVICE_FAMILY = 1;
			};
			name = Debug;
		};
		27E6C9B123ACAC2300F13A69 /* Release */ = {
			isa = XCBuildConfiguration;
			buildSettings = {
				ASSETCATALOG_COMPILER_APPICON_NAME = AppIcon;
				CODE_SIGN_STYLE = Automatic;
				DEVELOPMENT_TEAM = RJ7AM29PL8;
				FRAMEWORK_SEARCH_PATHS = (
					"$(inherited)",
					"$(PROJECT_DIR)/Carthage/Build/iOS",
				);
				INFOPLIST_FILE = "$(SRCROOT)/ShopPhone/Support Files/Info.plist";
				IPHONEOS_DEPLOYMENT_TARGET = 13.0;
				LD_RUNPATH_SEARCH_PATHS = (
					"$(inherited)",
					"@executable_path/Frameworks",
				);
				PRODUCT_BUNDLE_IDENTIFIER = com.orathai.ShopPhone;
				PRODUCT_NAME = "$(TARGET_NAME)";
				SWIFT_VERSION = 5.0;
				TARGETED_DEVICE_FAMILY = 1;
			};
			name = Release;
		};
		27E6C9B323ACAC2300F13A69 /* Debug */ = {
			isa = XCBuildConfiguration;
			buildSettings = {
				ALWAYS_EMBED_SWIFT_STANDARD_LIBRARIES = YES;
				BUNDLE_LOADER = "$(TEST_HOST)";
				CODE_SIGN_STYLE = Automatic;
				DEVELOPMENT_TEAM = RJ7AM29PL8;
				FRAMEWORK_SEARCH_PATHS = (
					"$(inherited)",
					"$(PROJECT_DIR)/Carthage/Build/iOS",
				);
				INFOPLIST_FILE = ShopPhoneTests/Info.plist;
				IPHONEOS_DEPLOYMENT_TARGET = 13.2;
				LD_RUNPATH_SEARCH_PATHS = (
					"$(inherited)",
					"@executable_path/Frameworks",
					"@loader_path/Frameworks",
				);
				PRODUCT_BUNDLE_IDENTIFIER = com.orathai.ShopPhoneTests;
				PRODUCT_NAME = "$(TARGET_NAME)";
				SWIFT_VERSION = 5.0;
				TARGETED_DEVICE_FAMILY = "1,2";
				TEST_HOST = "$(BUILT_PRODUCTS_DIR)/ShopPhone.app/ShopPhone";
			};
			name = Debug;
		};
		27E6C9B423ACAC2300F13A69 /* Release */ = {
			isa = XCBuildConfiguration;
			buildSettings = {
				ALWAYS_EMBED_SWIFT_STANDARD_LIBRARIES = YES;
				BUNDLE_LOADER = "$(TEST_HOST)";
				CODE_SIGN_STYLE = Automatic;
				DEVELOPMENT_TEAM = RJ7AM29PL8;
				FRAMEWORK_SEARCH_PATHS = (
					"$(inherited)",
					"$(PROJECT_DIR)/Carthage/Build/iOS",
				);
				INFOPLIST_FILE = ShopPhoneTests/Info.plist;
				IPHONEOS_DEPLOYMENT_TARGET = 13.2;
				LD_RUNPATH_SEARCH_PATHS = (
					"$(inherited)",
					"@executable_path/Frameworks",
					"@loader_path/Frameworks",
				);
				PRODUCT_BUNDLE_IDENTIFIER = com.orathai.ShopPhoneTests;
				PRODUCT_NAME = "$(TARGET_NAME)";
				SWIFT_VERSION = 5.0;
				TARGETED_DEVICE_FAMILY = "1,2";
				TEST_HOST = "$(BUILT_PRODUCTS_DIR)/ShopPhone.app/ShopPhone";
			};
			name = Release;
		};
		27E6C9B623ACAC2300F13A69 /* Debug */ = {
			isa = XCBuildConfiguration;
			buildSettings = {
				ALWAYS_EMBED_SWIFT_STANDARD_LIBRARIES = YES;
				CODE_SIGN_STYLE = Automatic;
				DEVELOPMENT_TEAM = RJ7AM29PL8;
				INFOPLIST_FILE = ShopPhoneUITests/Info.plist;
				LD_RUNPATH_SEARCH_PATHS = (
					"$(inherited)",
					"@executable_path/Frameworks",
					"@loader_path/Frameworks",
				);
				PRODUCT_BUNDLE_IDENTIFIER = com.orathai.ShopPhoneUITests;
				PRODUCT_NAME = "$(TARGET_NAME)";
				SWIFT_VERSION = 5.0;
				TARGETED_DEVICE_FAMILY = "1,2";
				TEST_TARGET_NAME = ShopPhone;
			};
			name = Debug;
		};
		27E6C9B723ACAC2300F13A69 /* Release */ = {
			isa = XCBuildConfiguration;
			buildSettings = {
				ALWAYS_EMBED_SWIFT_STANDARD_LIBRARIES = YES;
				CODE_SIGN_STYLE = Automatic;
				DEVELOPMENT_TEAM = RJ7AM29PL8;
				INFOPLIST_FILE = ShopPhoneUITests/Info.plist;
				LD_RUNPATH_SEARCH_PATHS = (
					"$(inherited)",
					"@executable_path/Frameworks",
					"@loader_path/Frameworks",
				);
				PRODUCT_BUNDLE_IDENTIFIER = com.orathai.ShopPhoneUITests;
				PRODUCT_NAME = "$(TARGET_NAME)";
				SWIFT_VERSION = 5.0;
				TARGETED_DEVICE_FAMILY = "1,2";
				TEST_TARGET_NAME = ShopPhone;
			};
			name = Release;
		};
/* End XCBuildConfiguration section */

/* Begin XCConfigurationList section */
		27E6C98023ACAC2200F13A69 /* Build configuration list for PBXProject "ShopPhone" */ = {
			isa = XCConfigurationList;
			buildConfigurations = (
				27E6C9AD23ACAC2300F13A69 /* Debug */,
				27E6C9AE23ACAC2300F13A69 /* Release */,
			);
			defaultConfigurationIsVisible = 0;
			defaultConfigurationName = Release;
		};
		27E6C9AF23ACAC2300F13A69 /* Build configuration list for PBXNativeTarget "ShopPhone" */ = {
			isa = XCConfigurationList;
			buildConfigurations = (
				27E6C9B023ACAC2300F13A69 /* Debug */,
				27E6C9B123ACAC2300F13A69 /* Release */,
			);
			defaultConfigurationIsVisible = 0;
			defaultConfigurationName = Release;
		};
		27E6C9B223ACAC2300F13A69 /* Build configuration list for PBXNativeTarget "ShopPhoneTests" */ = {
			isa = XCConfigurationList;
			buildConfigurations = (
				27E6C9B323ACAC2300F13A69 /* Debug */,
				27E6C9B423ACAC2300F13A69 /* Release */,
			);
			defaultConfigurationIsVisible = 0;
			defaultConfigurationName = Release;
		};
		27E6C9B523ACAC2300F13A69 /* Build configuration list for PBXNativeTarget "ShopPhoneUITests" */ = {
			isa = XCConfigurationList;
			buildConfigurations = (
				27E6C9B623ACAC2300F13A69 /* Debug */,
				27E6C9B723ACAC2300F13A69 /* Release */,
			);
			defaultConfigurationIsVisible = 0;
			defaultConfigurationName = Release;
		};
/* End XCConfigurationList section */
	};
	rootObject = 27E6C97D23ACAC2200F13A69 /* Project object */;
}
